// !$*UTF8*$!
{
	archiveVersion = 1;
	classes = {
	};
	objectVersion = 46;
	objects = {

/* Begin PBXBuildFile section */
		2036FEB61D93063800C176FC /* AppDelegate.swift in Sources */ = {isa = PBXBuildFile; fileRef = 2036FEB51D93063800C176FC /* AppDelegate.swift */; };
		2036FEB81D93063800C176FC /* ViewController.swift in Sources */ = {isa = PBXBuildFile; fileRef = 2036FEB71D93063800C176FC /* ViewController.swift */; };
		2036FEBB1D93063800C176FC /* Main.storyboard in Resources */ = {isa = PBXBuildFile; fileRef = 2036FEB91D93063800C176FC /* Main.storyboard */; };
		2036FEBD1D93063800C176FC /* Assets.xcassets in Resources */ = {isa = PBXBuildFile; fileRef = 2036FEBC1D93063800C176FC /* Assets.xcassets */; };
		2036FEC01D93063800C176FC /* LaunchScreen.storyboard in Resources */ = {isa = PBXBuildFile; fileRef = 2036FEBE1D93063800C176FC /* LaunchScreen.storyboard */; };
		2036FECB1D93063800C176FC /* IntroAnimationTests.swift in Sources */ = {isa = PBXBuildFile; fileRef = 2036FECA1D93063800C176FC /* IntroAnimationTests.swift */; };
		2036FED61D93063800C176FC /* IntroAnimationUITests.swift in Sources */ = {isa = PBXBuildFile; fileRef = 2036FED51D93063800C176FC /* IntroAnimationUITests.swift */; };
/* End PBXBuildFile section */

/* Begin PBXContainerItemProxy section */
		2036FEC71D93063800C176FC /* PBXContainerItemProxy */ = {
			isa = PBXContainerItemProxy;
			containerPortal = 2036FEAA1D93063700C176FC /* Project object */;
			proxyType = 1;
			remoteGlobalIDString = 2036FEB11D93063700C176FC;
			remoteInfo = IntroAnimation;
		};
		2036FED21D93063800C176FC /* PBXContainerItemProxy */ = {
			isa = PBXContainerItemProxy;
			containerPortal = 2036FEAA1D93063700C176FC /* Project object */;
			proxyType = 1;
			remoteGlobalIDString = 2036FEB11D93063700C176FC;
			remoteInfo = IntroAnimation;
		};
/* End PBXContainerItemProxy section */

/* Begin PBXFileReference section */
		2036FEB21D93063800C176FC /* IntroAnimation.app */ = {isa = PBXFileReference; explicitFileType = wrapper.application; includeInIndex = 0; path = IntroAnimation.app; sourceTree = BUILT_PRODUCTS_DIR; };
		2036FEB51D93063800C176FC /* AppDelegate.swift */ = {isa = PBXFileReference; lastKnownFileType = sourcecode.swift; path = AppDelegate.swift; sourceTree = "<group>"; };
		2036FEB71D93063800C176FC /* ViewController.swift */ = {isa = PBXFileReference; lastKnownFileType = sourcecode.swift; path = ViewController.swift; sourceTree = "<group>"; };
		2036FEBA1D93063800C176FC /* Base */ = {isa = PBXFileReference; lastKnownFileType = file.storyboard; name = Base; path = Base.lproj/Main.storyboard; sourceTree = "<group>"; };
		2036FEBC1D93063800C176FC /* Assets.xcassets */ = {isa = PBXFileReference; lastKnownFileType = folder.assetcatalog; path = Assets.xcassets; sourceTree = "<group>"; };
		2036FEBF1D93063800C176FC /* Base */ = {isa = PBXFileReference; lastKnownFileType = file.storyboard; name = Base; path = Base.lproj/LaunchScreen.storyboard; sourceTree = "<group>"; };
		2036FEC11D93063800C176FC /* Info.plist */ = {isa = PBXFileReference; lastKnownFileType = text.plist.xml; path = Info.plist; sourceTree = "<group>"; };
		2036FEC61D93063800C176FC /* IntroAnimationTests.xctest */ = {isa = PBXFileReference; explicitFileType = wrapper.cfbundle; includeInIndex = 0; path = IntroAnimationTests.xctest; sourceTree = BUILT_PRODUCTS_DIR; };
		2036FECA1D93063800C176FC /* IntroAnimationTests.swift */ = {isa = PBXFileReference; lastKnownFileType = sourcecode.swift; path = IntroAnimationTests.swift; sourceTree = "<group>"; };
		2036FECC1D93063800C176FC /* Info.plist */ = {isa = PBXFileReference; lastKnownFileType = text.plist.xml; path = Info.plist; sourceTree = "<group>"; };
		2036FED11D93063800C176FC /* IntroAnimationUITests.xctest */ = {isa = PBXFileReference; explicitFileType = wrapper.cfbundle; includeInIndex = 0; path = IntroAnimationUITests.xctest; sourceTree = BUILT_PRODUCTS_DIR; };
		2036FED51D93063800C176FC /* IntroAnimationUITests.swift */ = {isa = PBXFileReference; lastKnownFileType = sourcecode.swift; path = IntroAnimationUITests.swift; sourceTree = "<group>"; };
		2036FED71D93063800C176FC /* Info.plist */ = {isa = PBXFileReference; lastKnownFileType = text.plist.xml; path = Info.plist; sourceTree = "<group>"; };
/* End PBXFileReference section */

/* Begin PBXFrameworksBuildPhase section */
		2036FEAF1D93063700C176FC /* Frameworks */ = {
			isa = PBXFrameworksBuildPhase;
			buildActionMask = 2147483647;
			files = (
			);
			runOnlyForDeploymentPostprocessing = 0;
		};
		2036FEC31D93063800C176FC /* Frameworks */ = {
			isa = PBXFrameworksBuildPhase;
			buildActionMask = 2147483647;
			files = (
			);
			runOnlyForDeploymentPostprocessing = 0;
		};
		2036FECE1D93063800C176FC /* Frameworks */ = {
			isa = PBXFrameworksBuildPhase;
			buildActionMask = 2147483647;
			files = (
			);
			runOnlyForDeploymentPostprocessing = 0;
		};
/* End PBXFrameworksBuildPhase section */

/* Begin PBXGroup section */
		2036FEA91D93063700C176FC = {
			isa = PBXGroup;
			children = (
				2036FEB41D93063800C176FC /* IntroAnimation */,
				2036FEC91D93063800C176FC /* IntroAnimationTests */,
				2036FED41D93063800C176FC /* IntroAnimationUITests */,
				2036FEB31D93063800C176FC /* Products */,
			);
			sourceTree = "<group>";
		};
		2036FEB31D93063800C176FC /* Products */ = {
			isa = PBXGroup;
			children = (
				2036FEB21D93063800C176FC /* IntroAnimation.app */,
				2036FEC61D93063800C176FC /* IntroAnimationTests.xctest */,
				2036FED11D93063800C176FC /* IntroAnimationUITests.xctest */,
			);
			name = Products;
			sourceTree = "<group>";
		};
		2036FEB41D93063800C176FC /* IntroAnimation */ = {
			isa = PBXGroup;
			children = (
				2036FEB51D93063800C176FC /* AppDelegate.swift */,
				2036FEB71D93063800C176FC /* ViewController.swift */,
				2036FEB91D93063800C176FC /* Main.storyboard */,
				2036FEBC1D93063800C176FC /* Assets.xcassets */,
				2036FEBE1D93063800C176FC /* LaunchScreen.storyboard */,
				2036FEC11D93063800C176FC /* Info.plist */,
			);
			path = IntroAnimation;
			sourceTree = "<group>";
		};
		2036FEC91D93063800C176FC /* IntroAnimationTests */ = {
			isa = PBXGroup;
			children = (
				2036FECA1D93063800C176FC /* IntroAnimationTests.swift */,
				2036FECC1D93063800C176FC /* Info.plist */,
			);
			path = IntroAnimationTests;
			sourceTree = "<group>";
		};
		2036FED41D93063800C176FC /* IntroAnimationUITests */ = {
			isa = PBXGroup;
			children = (
				2036FED51D93063800C176FC /* IntroAnimationUITests.swift */,
				2036FED71D93063800C176FC /* Info.plist */,
			);
			path = IntroAnimationUITests;
			sourceTree = "<group>";
		};
/* End PBXGroup section */

/* Begin PBXNativeTarget section */
		2036FEB11D93063700C176FC /* IntroAnimation */ = {
			isa = PBXNativeTarget;
			buildConfigurationList = 2036FEDA1D93063800C176FC /* Build configuration list for PBXNativeTarget "IntroAnimation" */;
			buildPhases = (
				2036FEAE1D93063700C176FC /* Sources */,
				2036FEAF1D93063700C176FC /* Frameworks */,
				2036FEB01D93063700C176FC /* Resources */,
			);
			buildRules = (
			);
			dependencies = (
			);
			name = IntroAnimation;
			productName = IntroAnimation;
			productReference = 2036FEB21D93063800C176FC /* IntroAnimation.app */;
			productType = "com.apple.product-type.application";
		};
		2036FEC51D93063800C176FC /* IntroAnimationTests */ = {
			isa = PBXNativeTarget;
			buildConfigurationList = 2036FEDD1D93063800C176FC /* Build configuration list for PBXNativeTarget "IntroAnimationTests" */;
			buildPhases = (
				2036FEC21D93063800C176FC /* Sources */,
				2036FEC31D93063800C176FC /* Frameworks */,
				2036FEC41D93063800C176FC /* Resources */,
			);
			buildRules = (
			);
			dependencies = (
				2036FEC81D93063800C176FC /* PBXTargetDependency */,
			);
			name = IntroAnimationTests;
			productName = IntroAnimationTests;
			productReference = 2036FEC61D93063800C176FC /* IntroAnimationTests.xctest */;
			productType = "com.apple.product-type.bundle.unit-test";
		};
		2036FED01D93063800C176FC /* IntroAnimationUITests */ = {
			isa = PBXNativeTarget;
			buildConfigurationList = 2036FEE01D93063800C176FC /* Build configuration list for PBXNativeTarget "IntroAnimationUITests" */;
			buildPhases = (
				2036FECD1D93063800C176FC /* Sources */,
				2036FECE1D93063800C176FC /* Frameworks */,
				2036FECF1D93063800C176FC /* Resources */,
			);
			buildRules = (
			);
			dependencies = (
				2036FED31D93063800C176FC /* PBXTargetDependency */,
			);
			name = IntroAnimationUITests;
			productName = IntroAnimationUITests;
			productReference = 2036FED11D93063800C176FC /* IntroAnimationUITests.xctest */;
			productType = "com.apple.product-type.bundle.ui-testing";
		};
/* End PBXNativeTarget section */

/* Begin PBXProject section */
		2036FEAA1D93063700C176FC /* Project object */ = {
			isa = PBXProject;
			attributes = {
				LastSwiftUpdateCheck = 0800;
				LastUpgradeCheck = 0800;
				ORGANIZATIONNAME = "Rickey Hrabowskie";
				TargetAttributes = {
					2036FEB11D93063700C176FC = {
						CreatedOnToolsVersion = 8.0;
						DevelopmentTeam = XC48HTB69A;
						ProvisioningStyle = Automatic;
					};
					2036FEC51D93063800C176FC = {
						CreatedOnToolsVersion = 8.0;
						DevelopmentTeam = XC48HTB69A;
						ProvisioningStyle = Automatic;
						TestTargetID = 2036FEB11D93063700C176FC;
					};
					2036FED01D93063800C176FC = {
						CreatedOnToolsVersion = 8.0;
						DevelopmentTeam = XC48HTB69A;
						ProvisioningStyle = Automatic;
						TestTargetID = 2036FEB11D93063700C176FC;
					};
				};
			};
			buildConfigurationList = 2036FEAD1D93063700C176FC /* Build configuration list for PBXProject "IntroAnimation" */;
			compatibilityVersion = "Xcode 3.2";
			developmentRegion = English;
			hasScannedForEncodings = 0;
			knownRegions = (
				en,
				Base,
			);
			mainGroup = 2036FEA91D93063700C176FC;
			productRefGroup = 2036FEB31D93063800C176FC /* Products */;
			projectDirPath = "";
			projectRoot = "";
			targets = (
				2036FEB11D93063700C176FC /* IntroAnimation */,
				2036FEC51D93063800C176FC /* IntroAnimationTests */,
				2036FED01D93063800C176FC /* IntroAnimationUITests */,
			);
		};
/* End PBXProject section */

/* Begin PBXResourcesBuildPhase section */
		2036FEB01D93063700C176FC /* Resources */ = {
			isa = PBXResourcesBuildPhase;
			buildActionMask = 2147483647;
			files = (
				2036FEC01D93063800C176FC /* LaunchScreen.storyboard in Resources */,
				2036FEBD1D93063800C176FC /* Assets.xcassets in Resources */,
				2036FEBB1D93063800C176FC /* Main.storyboard in Resources */,
			);
			runOnlyForDeploymentPostprocessing = 0;
		};
		2036FEC41D93063800C176FC /* Resources */ = {
			isa = PBXResourcesBuildPhase;
			buildActionMask = 2147483647;
			files = (
			);
			runOnlyForDeploymentPostprocessing = 0;
		};
		2036FECF1D93063800C176FC /* Resources */ = {
			isa = PBXResourcesBuildPhase;
			buildActionMask = 2147483647;
			files = (
			);
			runOnlyForDeploymentPostprocessing = 0;
		};
/* End PBXResourcesBuildPhase section */

/* Begin PBXSourcesBuildPhase section */
		2036FEAE1D93063700C176FC /* Sources */ = {
			isa = PBXSourcesBuildPhase;
			buildActionMask = 2147483647;
			files = (
				2036FEB81D93063800C176FC /* ViewController.swift in Sources */,
				2036FEB61D93063800C176FC /* AppDelegate.swift in Sources */,
			);
			runOnlyForDeploymentPostprocessing = 0;
		};
		2036FEC21D93063800C176FC /* Sources */ = {
			isa = PBXSourcesBuildPhase;
			buildActionMask = 2147483647;
			files = (
				2036FECB1D93063800C176FC /* IntroAnimationTests.swift in Sources */,
			);
			runOnlyForDeploymentPostprocessing = 0;
		};
		2036FECD1D93063800C176FC /* Sources */ = {
			isa = PBXSourcesBuildPhase;
			buildActionMask = 2147483647;
			files = (
				2036FED61D93063800C176FC /* IntroAnimationUITests.swift in Sources */,
			);
			runOnlyForDeploymentPostprocessing = 0;
		};
/* End PBXSourcesBuildPhase section */

/* Begin PBXTargetDependency section */
		2036FEC81D93063800C176FC /* PBXTargetDependency */ = {
			isa = PBXTargetDependency;
			target = 2036FEB11D93063700C176FC /* IntroAnimation */;
			targetProxy = 2036FEC71D93063800C176FC /* PBXContainerItemProxy */;
		};
		2036FED31D93063800C176FC /* PBXTargetDependency */ = {
			isa = PBXTargetDependency;
			target = 2036FEB11D93063700C176FC /* IntroAnimation */;
			targetProxy = 2036FED21D93063800C176FC /* PBXContainerItemProxy */;
		};
/* End PBXTargetDependency section */

/* Begin PBXVariantGroup section */
		2036FEB91D93063800C176FC /* Main.storyboard */ = {
			isa = PBXVariantGroup;
			children = (
				2036FEBA1D93063800C176FC /* Base */,
			);
			name = Main.storyboard;
			sourceTree = "<group>";
		};
		2036FEBE1D93063800C176FC /* LaunchScreen.storyboard */ = {
			isa = PBXVariantGroup;
			children = (
				2036FEBF1D93063800C176FC /* Base */,
			);
			name = LaunchScreen.storyboard;
			sourceTree = "<group>";
		};
/* End PBXVariantGroup section */

/* Begin XCBuildConfiguration section */
		2036FED81D93063800C176FC /* Debug */ = {
			isa = XCBuildConfiguration;
			buildSettings = {
				ALWAYS_SEARCH_USER_PATHS = NO;
				CLANG_ANALYZER_NONNULL = YES;
				CLANG_CXX_LANGUAGE_STANDARD = "gnu++0x";
				CLANG_CXX_LIBRARY = "libc++";
				CLANG_ENABLE_MODULES = YES;
				CLANG_ENABLE_OBJC_ARC = YES;
				CLANG_WARN_BOOL_CONVERSION = YES;
				CLANG_WARN_CONSTANT_CONVERSION = YES;
				CLANG_WARN_DIRECT_OBJC_ISA_USAGE = YES_ERROR;
				CLANG_WARN_DOCUMENTATION_COMMENTS = YES;
				CLANG_WARN_EMPTY_BODY = YES;
				CLANG_WARN_ENUM_CONVERSION = YES;
				CLANG_WARN_INFINITE_RECURSION = YES;
				CLANG_WARN_INT_CONVERSION = YES;
				CLANG_WARN_OBJC_ROOT_CLASS = YES_ERROR;
				CLANG_WARN_SUSPICIOUS_MOVES = YES;
				CLANG_WARN_UNREACHABLE_CODE = YES;
				CLANG_WARN__DUPLICATE_METHOD_MATCH = YES;
				"CODE_SIGN_IDENTITY[sdk=iphoneos*]" = "iPhone Developer";
				COPY_PHASE_STRIP = NO;
				DEBUG_INFORMATION_FORMAT = dwarf;
				ENABLE_STRICT_OBJC_MSGSEND = YES;
				ENABLE_TESTABILITY = YES;
				GCC_C_LANGUAGE_STANDARD = gnu99;
				GCC_DYNAMIC_NO_PIC = NO;
				GCC_NO_COMMON_BLOCKS = YES;
				GCC_OPTIMIZATION_LEVEL = 0;
				GCC_PREPROCESSOR_DEFINITIONS = (
					"DEBUG=1",
					"$(inherited)",
				);
				GCC_WARN_64_TO_32_BIT_CONVERSION = YES;
				GCC_WARN_ABOUT_RETURN_TYPE = YES_ERROR;
				GCC_WARN_UNDECLARED_SELECTOR = YES;
				GCC_WARN_UNINITIALIZED_AUTOS = YES_AGGRESSIVE;
				GCC_WARN_UNUSED_FUNCTION = YES;
				GCC_WARN_UNUSED_VARIABLE = YES;
				IPHONEOS_DEPLOYMENT_TARGET = 10.0;
				MTL_ENABLE_DEBUG_INFO = YES;
				ONLY_ACTIVE_ARCH = YES;
				SDKROOT = iphoneos;
				SWIFT_ACTIVE_COMPILATION_CONDITIONS = DEBUG;
				SWIFT_OPTIMIZATION_LEVEL = "-Onone";
				TARGETED_DEVICE_FAMILY = "1,2";
			};
			name = Debug;
		};
		2036FED91D93063800C176FC /* Release */ = {
			isa = XCBuildConfiguration;
			buildSettings = {
				ALWAYS_SEARCH_USER_PATHS = NO;
				CLANG_ANALYZER_NONNULL = YES;
				CLANG_CXX_LANGUAGE_STANDARD = "gnu++0x";
				CLANG_CXX_LIBRARY = "libc++";
				CLANG_ENABLE_MODULES = YES;
				CLANG_ENABLE_OBJC_ARC = YES;
				CLANG_WARN_BOOL_CONVERSION = YES;
				CLANG_WARN_CONSTANT_CONVERSION = YES;
				CLANG_WARN_DIRECT_OBJC_ISA_USAGE = YES_ERROR;
				CLANG_WARN_DOCUMENTATION_COMMENTS = YES;
				CLANG_WARN_EMPTY_BODY = YES;
				CLANG_WARN_ENUM_CONVERSION = YES;
				CLANG_WARN_INFINITE_RECURSION = YES;
				CLANG_WARN_INT_CONVERSION = YES;
				CLANG_WARN_OBJC_ROOT_CLASS = YES_ERROR;
				CLANG_WARN_SUSPICIOUS_MOVES = YES;
				CLANG_WARN_UNREACHABLE_CODE = YES;
				CLANG_WARN__DUPLICATE_METHOD_MATCH = YES;
				"CODE_SIGN_IDENTITY[sdk=iphoneos*]" = "iPhone Developer";
				COPY_PHASE_STRIP = NO;
				DEBUG_INFORMATION_FORMAT = "dwarf-with-dsym";
				ENABLE_NS_ASSERTIONS = NO;
				ENABLE_STRICT_OBJC_MSGSEND = YES;
				GCC_C_LANGUAGE_STANDARD = gnu99;
				GCC_NO_COMMON_BLOCKS = YES;
				GCC_WARN_64_TO_32_BIT_CONVERSION = YES;
				GCC_WARN_ABOUT_RETURN_TYPE = YES_ERROR;
				GCC_WARN_UNDECLARED_SELECTOR = YES;
				GCC_WARN_UNINITIALIZED_AUTOS = YES_AGGRESSIVE;
				GCC_WARN_UNUSED_FUNCTION = YES;
				GCC_WARN_UNUSED_VARIABLE = YES;
				IPHONEOS_DEPLOYMENT_TARGET = 10.0;
				MTL_ENABLE_DEBUG_INFO = NO;
				SDKROOT = iphoneos;
				SWIFT_OPTIMIZATION_LEVEL = "-Owholemodule";
				TARGETED_DEVICE_FAMILY = "1,2";
				VALIDATE_PRODUCT = YES;
			};
			name = Release;
		};
		2036FEDB1D93063800C176FC /* Debug */ = {
			isa = XCBuildConfiguration;
			buildSettings = {
				ASSETCATALOG_COMPILER_APPICON_NAME = AppIcon;
				DEVELOPMENT_TEAM = XC48HTB69A;
				INFOPLIST_FILE = IntroAnimation/Info.plist;
				LD_RUNPATH_SEARCH_PATHS = "$(inherited) @executable_path/Frameworks";
				PRODUCT_BUNDLE_IDENTIFIER = com.rickeyHrabowskie.IntroAnimation;
				PRODUCT_NAME = "$(TARGET_NAME)";
				SWIFT_VERSION = 3.0;
			};
			name = Debug;
		};
		2036FEDC1D93063800C176FC /* Release */ = {
			isa = XCBuildConfiguration;
			buildSettings = {
				ASSETCATALOG_COMPILER_APPICON_NAME = AppIcon;
				DEVELOPMENT_TEAM = XC48HTB69A;
				INFOPLIST_FILE = IntroAnimation/Info.plist;
				LD_RUNPATH_SEARCH_PATHS = "$(inherited) @executable_path/Frameworks";
				PRODUCT_BUNDLE_IDENTIFIER = com.rickeyHrabowskie.IntroAnimation;
				PRODUCT_NAME = "$(TARGET_NAME)";
				SWIFT_VERSION = 3.0;
			};
			name = Release;
		};
		2036FEDE1D93063800C176FC /* Debug */ = {
			isa = XCBuildConfiguration;
			buildSettings = {
				ALWAYS_EMBED_SWIFT_STANDARD_LIBRARIES = YES;
				BUNDLE_LOADER = "$(TEST_HOST)";
				DEVELOPMENT_TEAM = XC48HTB69A;
				INFOPLIST_FILE = IntroAnimationTests/Info.plist;
				LD_RUNPATH_SEARCH_PATHS = "$(inherited) @executable_path/Frameworks @loader_path/Frameworks";
				PRODUCT_BUNDLE_IDENTIFIER = com.rickeyHrabowskie.IntroAnimationTests;
				PRODUCT_NAME = "$(TARGET_NAME)";
				SWIFT_VERSION = 3.0;
				TEST_HOST = "$(BUILT_PRODUCTS_DIR)/IntroAnimation.app/IntroAnimation";
			};
			name = Debug;
		};
		2036FEDF1D93063800C176FC /* Release */ = {
			isa = XCBuildConfiguration;
			buildSettings = {
				ALWAYS_EMBED_SWIFT_STANDARD_LIBRARIES = YES;
				BUNDLE_LOADER = "$(TEST_HOST)";
				DEVELOPMENT_TEAM = XC48HTB69A;
				INFOPLIST_FILE = IntroAnimationTests/Info.plist;
				LD_RUNPATH_SEARCH_PATHS = "$(inherited) @executable_path/Frameworks @loader_path/Frameworks";
				PRODUCT_BUNDLE_IDENTIFIER = com.rickeyHrabowskie.IntroAnimationTests;
				PRODUCT_NAME = "$(TARGET_NAME)";
				SWIFT_VERSION = 3.0;
				TEST_HOST = "$(BUILT_PRODUCTS_DIR)/IntroAnimation.app/IntroAnimation";
			};
			name = Release;
		};
		2036FEE11D93063800C176FC /* Debug */ = {
			isa = XCBuildConfiguration;
			buildSettings = {
				ALWAYS_EMBED_SWIFT_STANDARD_LIBRARIES = YES;
				DEVELOPMENT_TEAM = XC48HTB69A;
				INFOPLIST_FILE = IntroAnimationUITests/Info.plist;
				LD_RUNPATH_SEARCH_PATHS = "$(inherited) @executable_path/Frameworks @loader_path/Frameworks";
				PRODUCT_BUNDLE_IDENTIFIER = com.rickeyHrabowskie.IntroAnimationUITests;
				PRODUCT_NAME = "$(TARGET_NAME)";
				SWIFT_VERSION = 3.0;
				TEST_TARGET_NAME = IntroAnimation;
			};
			name = Debug;
		};
		2036FEE21D93063800C176FC /* Release */ = {
			isa = XCBuildConfiguration;
			buildSettings = {
				ALWAYS_EMBED_SWIFT_STANDARD_LIBRARIES = YES;
				DEVELOPMENT_TEAM = XC48HTB69A;
				INFOPLIST_FILE = IntroAnimationUITests/Info.plist;
				LD_RUNPATH_SEARCH_PATHS = "$(inherited) @executable_path/Frameworks @loader_path/Frameworks";
				PRODUCT_BUNDLE_IDENTIFIER = com.rickeyHrabowskie.IntroAnimationUITests;
				PRODUCT_NAME = "$(TARGET_NAME)";
				SWIFT_VERSION = 3.0;
				TEST_TARGET_NAME = IntroAnimation;
			};
			name = Release;
		};
/* End XCBuildConfiguration section */

/* Begin XCConfigurationList section */
		2036FEAD1D93063700C176FC /* Build configuration list for PBXProject "IntroAnimation" */ = {
			isa = XCConfigurationList;
			buildConfigurations = (
				2036FED81D93063800C176FC /* Debug */,
				2036FED91D93063800C176FC /* Release */,
			);
			defaultConfigurationIsVisible = 0;
			defaultConfigurationName = Release;
		};
		2036FEDA1D93063800C176FC /* Build configuration list for PBXNativeTarget "IntroAnimation" */ = {
			isa = XCConfigurationList;
			buildConfigurations = (
				2036FEDB1D93063800C176FC /* Debug */,
				2036FEDC1D93063800C176FC /* Release */,
			);
			defaultConfigurationIsVisible = 0;
		};
		2036FEDD1D93063800C176FC /* Build configuration list for PBXNativeTarget "IntroAnimationTests" */ = {
			isa = XCConfigurationList;
			buildConfigurations = (
				2036FEDE1D93063800C176FC /* Debug */,
				2036FEDF1D93063800C176FC /* Release */,
			);
			defaultConfigurationIsVisible = 0;
		};
		2036FEE01D93063800C176FC /* Build configuration list for PBXNativeTarget "IntroAnimationUITests" */ = {
			isa = XCConfigurationList;
			buildConfigurations = (
				2036FEE11D93063800C176FC /* Debug */,
				2036FEE21D93063800C176FC /* Release */,
			);
			defaultConfigurationIsVisible = 0;
		};
/* End XCConfigurationList section */
	};
	rootObject = 2036FEAA1D93063700C176FC /* Project object */;
}
